# This file is automatically @generated by Cargo.
# It is not intended for manual editing.
version = 4

[[package]]
name = "bitflags"
version = "2.13.2"
source = "registry+https://github.com/rust-lang/crates.io-index"
checksum = "3ded4057c258ba199e2d26386d3af3780957ecaee6c4ef4041c6b4b8b97c0b06"

[[package]]
name = "hello-present"
version = "0.1.0"
dependencies = [
 "psx-font",
 "psx-gpu",
 "psx-io",
 "psx-rt",
 "psx-vram",
]

[[package]]
name = "psx-font"
version = "0.1.0"
dependencies = [
 "psx-gpu",
 "psx-hw",
 "psx-io",
 "psx-math",
 "psx-vram",
]

[[package]]
name = "psx-gpu"
version = "0.1.0"
dependencies = [
 "psx-hw",
 "psx-io",
]

[[package]]
name = "psx-hw"
version = "0.1.0"
dependencies = [
 "bitflags",
]

[[package]]
name = "psx-io"
version = "0.1.0"
dependencies = [
 "psx-hw",
]

[[package]]
name = "psx-math"
version = "0.1.0"

[[package]]
name = "psx-rt"
version = "0.1.0"
dependencies = [
 "psx-hw",
 "psx-io",
]

[[package]]
name = "psx-vram"
version = "0.1.0"
dependencies = [
 "psx-hw",
 "psx-io",
]
